# This file is automatically @generated by Cargo.
# It is not intended for manual editing.
version = 3

[[package]]
name = "anyhow"
version = "1.0.43"
source = "registry+https://github.com/rust-lang/crates.io-index"
checksum = "28ae2b3dec75a406790005a200b1bd89785afc02517a00ca99ecfe093ee9e6cf"

[[package]]
name = "itoa"
version = "0.4.8"
source = "registry+https://github.com/rust-lang/crates.io-index"
checksum = "b71991ff56294aa922b450139ee08b3bfc70982c6b2c7562771375cf73542dd4"

[[package]]
name = "libc"
version = "0.2.100"
source = "registry+https://github.com/rust-lang/crates.io-index"
checksum = "a1fa8cddc8fbbee11227ef194b5317ed014b8acbf15139bd716a18ad3fe99ec5"

[[package]]
name = "mbh"
version = "0.1.0"
dependencies = [
 "anyhow",
 "time",
]

[[package]]
name = "time"
version = "0.3.1"
source = "registry+https://github.com/rust-lang/crates.io-index"
checksum = "1a776787d9c5d455bec3db044586ccdd8a9c74d5da5dc319fb80f3db08808fe6"
dependencies = [
 "itoa",
 "libc",
 "time-macros",
]

[[package]]
name = "time-macros"
version = "0.2.1"
source = "registry+https://github.com/rust-lang/crates.io-index"
checksum = "04a153416002296880a3b51329a0e3df31c779c53ec827993e865ce427982843"
