{
  "nodes": {
    "crate2nix": {
      "flake": false,
      "locked": {
        "lastModified": 1628073395,
        "narHash": "sha256-GkkD2iRx37e48k/iFWizkS/+GpaKW8QHkSAvku2WC+o=",
        "owner": "kolloch",
        "repo": "crate2nix",
        "rev": "6b9f205f4133b1522f885d7ea1d2ed3a43e6ada7",
        "type": "github"
      },
      "original": {
        "owner": "kolloch",
        "repo": "crate2nix",
        "type": "github"
      }
    },
    "nixpkgs": {
      "locked": {
        "lastModified": 1627942574,
        "narHash": "sha256-guUcGRWvY2mfiVSet2x/zeHIyflm2wgglj0ldg0mMio=",
        "owner": "nixos",
        "repo": "nixpkgs",
        "rev": "c464dc811babfe316ed4ab7bbc12351122e69dd7",
        "type": "github"
      },
      "original": {
        "owner": "nixos",
        "ref": "nixos-unstable",
        "repo": "nixpkgs",
        "type": "github"
      }
    },
    "root": {
      "inputs": {
        "crate2nix": "crate2nix",
        "nixpkgs": "nixpkgs"
      }
    }
  },
  "root": "root",
  "version": 7
}
